{
  "projects": [
    {
      "projectId": "ujWBNnbL2n4RZDdiZiYFdw",
      "version": "latest",
      "dependencies": {},
      "lang": "ts",
      "fileLocks": [
        {
          "type": "globalVariant",
          "assetId": "3lOXnHZSFmncl",
          "checksum": "1fb0fd651dd3a61ec2ed5dc8b4ad09b5"
        },
        {
          "type": "renderModule",
          "assetId": "QvSVaYnti4Is",
          "checksum": "b655a675dfb86a8491c202159d6490a2"
        },
        {
          "type": "cssRules",
          "assetId": "QvSVaYnti4Is",
          "checksum": "b655a675dfb86a8491c202159d6490a2"
        },
        {
          "type": "renderModule",
          "assetId": "IDy-UAQYMv",
          "checksum": "14e3814755dd0ef4c2ae6801dc1d5b8e"
        },
        {
          "type": "cssRules",
          "assetId": "IDy-UAQYMv",
          "checksum": "14e3814755dd0ef4c2ae6801dc1d5b8e"
        },
        {
          "type": "renderModule",
          "assetId": "sIxKMhfpOf",
          "checksum": "ed5d4f4ef6468163b2e48a2ea9c654b5"
        },
        {
          "type": "cssRules",
          "assetId": "sIxKMhfpOf",
          "checksum": "ed5d4f4ef6468163b2e48a2ea9c654b5"
        },
        {
          "type": "renderModule",
          "assetId": "ArKwfI2osU",
          "checksum": "f4f2cac2d93c51003856c049c2ff1c84"
        },
        {
          "type": "cssRules",
          "assetId": "ArKwfI2osU",
          "checksum": "f4f2cac2d93c51003856c049c2ff1c84"
        },
        {
          "type": "renderModule",
          "assetId": "uSh1_um7XN",
          "checksum": "8562e55dd2d7766215a2e728817856e1"
        },
        {
          "type": "cssRules",
          "assetId": "uSh1_um7XN",
          "checksum": "8562e55dd2d7766215a2e728817856e1"
        },
        {
          "type": "renderModule",
          "assetId": "O93YgHOHgbm",
          "checksum": "f1bc6f403fe4897fe4b0cf45eb3387ac"
        },
        {
          "type": "cssRules",
          "assetId": "O93YgHOHgbm",
          "checksum": "f1bc6f403fe4897fe4b0cf45eb3387ac"
        },
        {
          "type": "renderModule",
          "assetId": "E1FwFPFP4L",
          "checksum": "fa081c64d009e8be6c5ce5589130e719"
        },
        {
          "type": "cssRules",
          "assetId": "E1FwFPFP4L",
          "checksum": "fa081c64d009e8be6c5ce5589130e719"
        },
        {
          "type": "renderModule",
          "assetId": "EHa0voQ-C0",
          "checksum": "fb9a78a54dd6a60757b99591fa9dadf6"
        },
        {
          "type": "cssRules",
          "assetId": "EHa0voQ-C0",
          "checksum": "fb9a78a54dd6a60757b99591fa9dadf6"
        },
        {
          "type": "renderModule",
          "assetId": "HBTbJNVG66",
          "checksum": "883b030d4cad325514a2c1261f34702c"
        },
        {
          "type": "cssRules",
          "assetId": "HBTbJNVG66",
          "checksum": "883b030d4cad325514a2c1261f34702c"
        },
        {
          "type": "renderModule",
          "assetId": "zvfx6kR6ll",
          "checksum": "94539070bb0a3aba7ba3a727b92687f1"
        },
        {
          "type": "cssRules",
          "assetId": "zvfx6kR6ll",
          "checksum": "94539070bb0a3aba7ba3a727b92687f1"
        },
        {
          "type": "renderModule",
          "assetId": "5SbWwwlAWA",
          "checksum": "905726f0d3410fbfb96dc438acfde712"
        },
        {
          "type": "cssRules",
          "assetId": "5SbWwwlAWA",
          "checksum": "905726f0d3410fbfb96dc438acfde712"
        },
        {
          "type": "renderModule",
          "assetId": "mWUFULV0cz",
          "checksum": "a9e889401423aa60d4eed8a4375bb98a"
        },
        {
          "type": "cssRules",
          "assetId": "mWUFULV0cz",
          "checksum": "a9e889401423aa60d4eed8a4375bb98a"
        },
        {
          "type": "renderModule",
          "assetId": "S7FYhea1xT",
          "checksum": "bd26c6fa10cff72cb0445ea6e7f3e0ee"
        },
        {
          "type": "cssRules",
          "assetId": "S7FYhea1xT",
          "checksum": "bd26c6fa10cff72cb0445ea6e7f3e0ee"
        },
        {
          "type": "renderModule",
          "assetId": "tVe3iw2rzS",
          "checksum": "bfa7c2462de5b12de03b9f796f9ffc5a"
        },
        {
          "type": "cssRules",
          "assetId": "tVe3iw2rzS",
          "checksum": "bfa7c2462de5b12de03b9f796f9ffc5a"
        },
        {
          "type": "renderModule",
          "assetId": "DRx7njHNsy",
          "checksum": "57d5332e308d92aa3804f287d990d8dd"
        },
        {
          "type": "cssRules",
          "assetId": "DRx7njHNsy",
          "checksum": "57d5332e308d92aa3804f287d990d8dd"
        },
        {
          "type": "renderModule",
          "assetId": "a7WqxJ4ZPn",
          "checksum": "eb6f8448a32b786ad9dd0f13f78c89f1"
        },
        {
          "type": "cssRules",
          "assetId": "a7WqxJ4ZPn",
          "checksum": "eb6f8448a32b786ad9dd0f13f78c89f1"
        },
        {
          "type": "renderModule",
          "assetId": "YHwpijO3GT",
          "checksum": "782ce2941e72040fde5e9f359cc58cba"
        },
        {
          "type": "cssRules",
          "assetId": "YHwpijO3GT",
          "checksum": "782ce2941e72040fde5e9f359cc58cba"
        },
        {
          "type": "renderModule",
          "assetId": "OiFeVBevre",
          "checksum": "180f27a1326a0e16ff09ed7697cf7603"
        },
        {
          "type": "cssRules",
          "assetId": "OiFeVBevre",
          "checksum": "180f27a1326a0e16ff09ed7697cf7603"
        },
        {
          "type": "renderModule",
          "assetId": "Wiffry2Q-b",
          "checksum": "3d3a8d56da27ad18a71a70ede45c942c"
        },
        {
          "type": "cssRules",
          "assetId": "Wiffry2Q-b",
          "checksum": "3d3a8d56da27ad18a71a70ede45c942c"
        },
        {
          "type": "icon",
          "assetId": "zwmcUxC4SL1",
          "checksum": "3d0ab026dd57f0328bd097789815ab10"
        },
        {
          "type": "icon",
          "assetId": "1qknBLYfAX-",
          "checksum": "62f3f16d55aafb445dc6c57af27ed943"
        },
        {
          "type": "icon",
          "assetId": "_dC4dQZVmK",
          "checksum": "c4cf61c5e8f3518448b095c4979c3712"
        },
        {
          "type": "image",
          "assetId": "70V1wYZW_",
          "checksum": "b281108a5c2c347e07caed8654e0bb10"
        },
        {
          "type": "renderModule",
          "assetId": "ILn7OfVdq5H",
          "checksum": "30785230c622a7188068c7ce19f0e31a"
        },
        {
          "type": "cssRules",
          "assetId": "ILn7OfVdq5H",
          "checksum": "30785230c622a7188068c7ce19f0e31a"
        },
        {
          "type": "renderModule",
          "assetId": "4QNW70LTh7g",
          "checksum": "bb9186388ad72def832ba2987a468b8c"
        },
        {
          "type": "cssRules",
          "assetId": "4QNW70LTh7g",
          "checksum": "bb9186388ad72def832ba2987a468b8c"
        },
        {
          "type": "renderModule",
          "assetId": "1GKZ90I6Fyh",
          "checksum": "e4e51ea553846ab868d4c0d807e45ae1"
        },
        {
          "type": "cssRules",
          "assetId": "1GKZ90I6Fyh",
          "checksum": "e4e51ea553846ab868d4c0d807e45ae1"
        },
        {
          "type": "icon",
          "assetId": "s91taWCHpvC",
          "checksum": "9c671b3d7a3d6c3275139a4ee26e1b9e"
        },
        {
          "type": "icon",
          "assetId": "BV79k7uJA",
          "checksum": "415049d2f233ea698df342c80c8e8e8e"
        },
        {
          "type": "image",
          "assetId": "1pKVoNq5c",
          "checksum": "39bdb3c6fab3658b8efd8ec8594003ba"
        },
        {
          "type": "renderModule",
          "assetId": "BSYLE2hLSu5",
          "checksum": "aeefa55688f91d9018b5eb80cf4c293e"
        },
        {
          "type": "cssRules",
          "assetId": "BSYLE2hLSu5",
          "checksum": "aeefa55688f91d9018b5eb80cf4c293e"
        },
        {
          "type": "renderModule",
          "assetId": "cZub4IJft_7",
          "checksum": "5fdf76e550b4410292cca13283e90801"
        },
        {
          "type": "cssRules",
          "assetId": "cZub4IJft_7",
          "checksum": "5fdf76e550b4410292cca13283e90801"
        },
        {
          "type": "renderModule",
          "assetId": "IjNkWnGbwja",
          "checksum": "d599c3b73736b4cc02740a66da8e4685"
        },
        {
          "type": "cssRules",
          "assetId": "IjNkWnGbwja",
          "checksum": "d599c3b73736b4cc02740a66da8e4685"
        },
        {
          "type": "icon",
          "assetId": "3bzqFFAPEMn",
          "checksum": "545886d35160844a517b08f90e2fa803"
        },
        {
          "type": "icon",
          "assetId": "Hxf4GrNJ68-",
          "checksum": "777e17dd2737791b6996969435a47a18"
        },
        {
          "type": "icon",
          "assetId": "Ay5eqH8tOag",
          "checksum": "bb9ce5dcc8c032be5b7114978133c815"
        },
        {
          "assetId": "ujWBNnbL2n4RZDdiZiYFdw",
          "type": "projectCss",
          "checksum": "ecd85d01084746c0b77b1961fc180ba3"
        }
      ],
      "codegenVersion": "0.0.1"
    }
  ],
  "cliVersion": "0.1.178"
}
