{
  "projects": [
    {
      "projectId": "ujWBNnbL2n4RZDdiZiYFdw",
      "version": "latest",
      "dependencies": {},
      "lang": "ts",
      "fileLocks": [
        {
          "type": "globalVariant",
          "assetId": "3lOXnHZSFmncl",
          "checksum": "1fb0fd651dd3a61ec2ed5dc8b4ad09b5"
        },
        {
          "type": "renderModule",
          "assetId": "IDy-UAQYMv",
          "checksum": "11081472adf71bc5053c2daeebb65043"
        },
        {
          "type": "cssRules",
          "assetId": "IDy-UAQYMv",
          "checksum": "11081472adf71bc5053c2daeebb65043"
        },
        {
          "type": "renderModule",
          "assetId": "sIxKMhfpOf",
          "checksum": "06b51950369ec2a2d6981163a08d5b4a"
        },
        {
          "type": "cssRules",
          "assetId": "sIxKMhfpOf",
          "checksum": "06b51950369ec2a2d6981163a08d5b4a"
        },
        {
          "type": "renderModule",
          "assetId": "ArKwfI2osU",
          "checksum": "425696b7cbb9d24a52e72a950a189da1"
        },
        {
          "type": "cssRules",
          "assetId": "ArKwfI2osU",
          "checksum": "425696b7cbb9d24a52e72a950a189da1"
        },
        {
          "type": "renderModule",
          "assetId": "E1FwFPFP4L",
          "checksum": "f0e37ed2f3213c86205d416ee38ce1ae"
        },
        {
          "type": "cssRules",
          "assetId": "E1FwFPFP4L",
          "checksum": "f0e37ed2f3213c86205d416ee38ce1ae"
        },
        {
          "type": "renderModule",
          "assetId": "zvfx6kR6ll",
          "checksum": "3c253abf5f8bb72f4f279cf95681ff98"
        },
        {
          "type": "cssRules",
          "assetId": "zvfx6kR6ll",
          "checksum": "3c253abf5f8bb72f4f279cf95681ff98"
        },
        {
          "type": "renderModule",
          "assetId": "OiFeVBevre",
          "checksum": "0d568219b38ce70cd7be7e6af86aa5e6"
        },
        {
          "type": "cssRules",
          "assetId": "OiFeVBevre",
          "checksum": "0d568219b38ce70cd7be7e6af86aa5e6"
        },
        {
          "type": "icon",
          "assetId": "zwmcUxC4SL1",
          "checksum": "3d0ab026dd57f0328bd097789815ab10"
        },
        {
          "type": "icon",
          "assetId": "1qknBLYfAX-",
          "checksum": "62f3f16d55aafb445dc6c57af27ed943"
        },
        {
          "type": "icon",
          "assetId": "_dC4dQZVmK",
          "checksum": "c4cf61c5e8f3518448b095c4979c3712"
        },
        {
          "type": "image",
          "assetId": "70V1wYZW_",
          "checksum": "b281108a5c2c347e07caed8654e0bb10"
        },
        {
          "type": "icon",
          "assetId": "s91taWCHpvC",
          "checksum": "9c671b3d7a3d6c3275139a4ee26e1b9e"
        },
        {
          "type": "icon",
          "assetId": "BV79k7uJA",
          "checksum": "415049d2f233ea698df342c80c8e8e8e"
        },
        {
          "type": "image",
          "assetId": "1pKVoNq5c",
          "checksum": "39bdb3c6fab3658b8efd8ec8594003ba"
        },
        {
          "type": "renderModule",
          "assetId": "BSYLE2hLSu5",
          "checksum": "788b9ba1cb33ab83bdf041d056f50cb5"
        },
        {
          "type": "cssRules",
          "assetId": "BSYLE2hLSu5",
          "checksum": "788b9ba1cb33ab83bdf041d056f50cb5"
        },
        {
          "type": "renderModule",
          "assetId": "IjNkWnGbwja",
          "checksum": "c74c7bcd1d7f8a814a2d713ce9fe3384"
        },
        {
          "type": "cssRules",
          "assetId": "IjNkWnGbwja",
          "checksum": "c74c7bcd1d7f8a814a2d713ce9fe3384"
        },
        {
          "type": "icon",
          "assetId": "3bzqFFAPEMn",
          "checksum": "545886d35160844a517b08f90e2fa803"
        },
        {
          "type": "icon",
          "assetId": "Hxf4GrNJ68-",
          "checksum": "777e17dd2737791b6996969435a47a18"
        },
        {
          "type": "icon",
          "assetId": "Ay5eqH8tOag",
          "checksum": "bb9ce5dcc8c032be5b7114978133c815"
        },
        {
          "type": "image",
          "assetId": "P6GXKm_Di",
          "checksum": "6d8fae2be8efb40878274f0d1e8601f5"
        },
        {
          "type": "renderModule",
          "assetId": "HA02ocYHIWR",
          "checksum": "88339c7f797bf5939a44ce12fab5f6ff"
        },
        {
          "type": "cssRules",
          "assetId": "HA02ocYHIWR",
          "checksum": "88339c7f797bf5939a44ce12fab5f6ff"
        },
        {
          "assetId": "ujWBNnbL2n4RZDdiZiYFdw",
          "type": "projectCss",
          "checksum": "9b4d3e0afe1a204cb4ef6ca73c151bf5"
        }
      ],
      "codegenVersion": "0.0.1"
    }
  ],
  "cliVersion": "0.1.178"
}
